// !$*UTF8*$!
{
	archiveVersion = 1;
	classes = {
	};
	objectVersion = 50;
	objects = {

/* Begin PBXBuildFile section */
		8361717C244B4278004E72A9 /* SortView.swift in Sources */ = {isa = PBXBuildFile; fileRef = 8361717B244B4278004E72A9 /* SortView.swift */; };
		837BD17A2447906E00B790BB /* AppDelegate.swift in Sources */ = {isa = PBXBuildFile; fileRef = 837BD1792447906E00B790BB /* AppDelegate.swift */; };
		837BD17C2447906E00B790BB /* SceneDelegate.swift in Sources */ = {isa = PBXBuildFile; fileRef = 837BD17B2447906E00B790BB /* SceneDelegate.swift */; };
		837BD17E2447906E00B790BB /* ContentView.swift in Sources */ = {isa = PBXBuildFile; fileRef = 837BD17D2447906E00B790BB /* ContentView.swift */; };
		837BD1802447906F00B790BB /* Assets.xcassets in Resources */ = {isa = PBXBuildFile; fileRef = 837BD17F2447906F00B790BB /* Assets.xcassets */; };
		837BD1832447907000B790BB /* Preview Assets.xcassets in Resources */ = {isa = PBXBuildFile; fileRef = 837BD1822447907000B790BB /* Preview Assets.xcassets */; };
		837BD1862447907000B790BB /* LaunchScreen.storyboard in Resources */ = {isa = PBXBuildFile; fileRef = 837BD1842447907000B790BB /* LaunchScreen.storyboard */; };
		839B8F8A244B276900595E69 /* FilterTagView.swift in Sources */ = {isa = PBXBuildFile; fileRef = 839B8F89244B276900595E69 /* FilterTagView.swift */; };
		83B3EDE92449E5DB00BBFF22 /* resorts.json in Resources */ = {isa = PBXBuildFile; fileRef = 83B3EDE82449E5DB00BBFF22 /* resorts.json */; };
		83B3EDEB2449E76E00BBFF22 /* Resort.swift in Sources */ = {isa = PBXBuildFile; fileRef = 83B3EDEA2449E76E00BBFF22 /* Resort.swift */; };
		83B3EDEE2449E81400BBFF22 /* Decodable.swift in Sources */ = {isa = PBXBuildFile; fileRef = 83B3EDED2449E81400BBFF22 /* Decodable.swift */; };
		83B3EDF02449F0FF00BBFF22 /* WelcomeView.swift in Sources */ = {isa = PBXBuildFile; fileRef = 83B3EDEF2449F0FF00BBFF22 /* WelcomeView.swift */; };
		83B3EDF42449F76E00BBFF22 /* ResortView.swift in Sources */ = {isa = PBXBuildFile; fileRef = 83B3EDF32449F76E00BBFF22 /* ResortView.swift */; };
		83B3EDF62449FA9B00BBFF22 /* SkiDetailsView.swift in Sources */ = {isa = PBXBuildFile; fileRef = 83B3EDF52449FA9B00BBFF22 /* SkiDetailsView.swift */; };
		83B3EDF82449FBC000BBFF22 /* ResortDetailView.swift in Sources */ = {isa = PBXBuildFile; fileRef = 83B3EDF72449FBC000BBFF22 /* ResortDetailView.swift */; };
		83B3EDFA244A088800BBFF22 /* Facility.swift in Sources */ = {isa = PBXBuildFile; fileRef = 83B3EDF9244A088800BBFF22 /* Facility.swift */; };
		83B3EDFC244A0DFC00BBFF22 /* Favorites.swift in Sources */ = {isa = PBXBuildFile; fileRef = 83B3EDFB244A0DFC00BBFF22 /* Favorites.swift */; };
		83B3EDFE244A306100BBFF22 /* FilterView.swift in Sources */ = {isa = PBXBuildFile; fileRef = 83B3EDFD244A306100BBFF22 /* FilterView.swift */; };
/* End PBXBuildFile section */

/* Begin PBXFileReference section */
		8361717B244B4278004E72A9 /* SortView.swift */ = {isa = PBXFileReference; lastKnownFileType = sourcecode.swift; path = SortView.swift; sourceTree = "<group>"; };
		8361717D244B8F30004E72A9 /* README.md */ = {isa = PBXFileReference; lastKnownFileType = net.daringfireball.markdown; path = README.md; sourceTree = "<group>"; };
		837BD1762447906E00B790BB /* SnowSeeker.app */ = {isa = PBXFileReference; explicitFileType = wrapper.application; includeInIndex = 0; path = SnowSeeker.app; sourceTree = BUILT_PRODUCTS_DIR; };
		837BD1792447906E00B790BB /* AppDelegate.swift */ = {isa = PBXFileReference; lastKnownFileType = sourcecode.swift; path = AppDelegate.swift; sourceTree = "<group>"; };
		837BD17B2447906E00B790BB /* SceneDelegate.swift */ = {isa = PBXFileReference; lastKnownFileType = sourcecode.swift; path = SceneDelegate.swift; sourceTree = "<group>"; };
		837BD17D2447906E00B790BB /* ContentView.swift */ = {isa = PBXFileReference; lastKnownFileType = sourcecode.swift; path = ContentView.swift; sourceTree = "<group>"; };
		837BD17F2447906F00B790BB /* Assets.xcassets */ = {isa = PBXFileReference; lastKnownFileType = folder.assetcatalog; path = Assets.xcassets; sourceTree = "<group>"; };
		837BD1822447907000B790BB /* Preview Assets.xcassets */ = {isa = PBXFileReference; lastKnownFileType = folder.assetcatalog; path = "Preview Assets.xcassets"; sourceTree = "<group>"; };
		837BD1852447907000B790BB /* Base */ = {isa = PBXFileReference; lastKnownFileType = file.storyboard; name = Base; path = Base.lproj/LaunchScreen.storyboard; sourceTree = "<group>"; };
		837BD1872447907000B790BB /* Info.plist */ = {isa = PBXFileReference; lastKnownFileType = text.plist.xml; path = Info.plist; sourceTree = "<group>"; };
		839B8F89244B276900595E69 /* FilterTagView.swift */ = {isa = PBXFileReference; lastKnownFileType = sourcecode.swift; path = FilterTagView.swift; sourceTree = "<group>"; };
		83B3EDE82449E5DB00BBFF22 /* resorts.json */ = {isa = PBXFileReference; lastKnownFileType = text.json; path = resorts.json; sourceTree = "<group>"; };
		83B3EDEA2449E76E00BBFF22 /* Resort.swift */ = {isa = PBXFileReference; lastKnownFileType = sourcecode.swift; path = Resort.swift; sourceTree = "<group>"; };
		83B3EDED2449E81400BBFF22 /* Decodable.swift */ = {isa = PBXFileReference; lastKnownFileType = sourcecode.swift; path = Decodable.swift; sourceTree = "<group>"; };
		83B3EDEF2449F0FF00BBFF22 /* WelcomeView.swift */ = {isa = PBXFileReference; lastKnownFileType = sourcecode.swift; path = WelcomeView.swift; sourceTree = "<group>"; };
		83B3EDF32449F76E00BBFF22 /* ResortView.swift */ = {isa = PBXFileReference; lastKnownFileType = sourcecode.swift; path = ResortView.swift; sourceTree = "<group>"; };
		83B3EDF52449FA9B00BBFF22 /* SkiDetailsView.swift */ = {isa = PBXFileReference; lastKnownFileType = sourcecode.swift; path = SkiDetailsView.swift; sourceTree = "<group>"; };
		83B3EDF72449FBC000BBFF22 /* ResortDetailView.swift */ = {isa = PBXFileReference; lastKnownFileType = sourcecode.swift; path = ResortDetailView.swift; sourceTree = "<group>"; };
		83B3EDF9244A088800BBFF22 /* Facility.swift */ = {isa = PBXFileReference; lastKnownFileType = sourcecode.swift; path = Facility.swift; sourceTree = "<group>"; };
		83B3EDFB244A0DFC00BBFF22 /* Favorites.swift */ = {isa = PBXFileReference; lastKnownFileType = sourcecode.swift; path = Favorites.swift; sourceTree = "<group>"; };
		83B3EDFD244A306100BBFF22 /* FilterView.swift */ = {isa = PBXFileReference; lastKnownFileType = sourcecode.swift; path = FilterView.swift; sourceTree = "<group>"; };
/* End PBXFileReference section */

/* Begin PBXFrameworksBuildPhase section */
		837BD1732447906E00B790BB /* Frameworks */ = {
			isa = PBXFrameworksBuildPhase;
			buildActionMask = 2147483647;
			files = (
			);
			runOnlyForDeploymentPostprocessing = 0;
		};
/* End PBXFrameworksBuildPhase section */

/* Begin PBXGroup section */
		837BD16D2447906E00B790BB = {
			isa = PBXGroup;
			children = (
				8361717D244B8F30004E72A9 /* README.md */,
				837BD1782447906E00B790BB /* SnowSeeker */,
				837BD1772447906E00B790BB /* Products */,
			);
			sourceTree = "<group>";
		};
		837BD1772447906E00B790BB /* Products */ = {
			isa = PBXGroup;
			children = (
				837BD1762447906E00B790BB /* SnowSeeker.app */,
			);
			name = Products;
			sourceTree = "<group>";
		};
		837BD1782447906E00B790BB /* SnowSeeker */ = {
			isa = PBXGroup;
			children = (
				837BD1792447906E00B790BB /* AppDelegate.swift */,
				837BD17B2447906E00B790BB /* SceneDelegate.swift */,
				837BD17D2447906E00B790BB /* ContentView.swift */,
				837BD17F2447906F00B790BB /* Assets.xcassets */,
				837BD1842447907000B790BB /* LaunchScreen.storyboard */,
				837BD1872447907000B790BB /* Info.plist */,
				837BD1812447907000B790BB /* Preview Content */,
				83B3EDE82449E5DB00BBFF22 /* resorts.json */,
				83B3EDEA2449E76E00BBFF22 /* Resort.swift */,
				83B3EDED2449E81400BBFF22 /* Decodable.swift */,
				83B3EDEF2449F0FF00BBFF22 /* WelcomeView.swift */,
				83B3EDF32449F76E00BBFF22 /* ResortView.swift */,
				83B3EDF52449FA9B00BBFF22 /* SkiDetailsView.swift */,
				83B3EDF72449FBC000BBFF22 /* ResortDetailView.swift */,
				83B3EDF9244A088800BBFF22 /* Facility.swift */,
				83B3EDFB244A0DFC00BBFF22 /* Favorites.swift */,
				83B3EDFD244A306100BBFF22 /* FilterView.swift */,
				839B8F89244B276900595E69 /* FilterTagView.swift */,
				8361717B244B4278004E72A9 /* SortView.swift */,
			);
			path = SnowSeeker;
			sourceTree = "<group>";
		};
		837BD1812447907000B790BB /* Preview Content */ = {
			isa = PBXGroup;
			children = (
				837BD1822447907000B790BB /* Preview Assets.xcassets */,
			);
			path = "Preview Content";
			sourceTree = "<group>";
		};
/* End PBXGroup section */

/* Begin PBXNativeTarget section */
		837BD1752447906E00B790BB /* SnowSeeker */ = {
			isa = PBXNativeTarget;
			buildConfigurationList = 837BD18A2447907000B790BB /* Build configuration list for PBXNativeTarget "SnowSeeker" */;
			buildPhases = (
				837BD1722447906E00B790BB /* Sources */,
				837BD1732447906E00B790BB /* Frameworks */,
				837BD1742447906E00B790BB /* Resources */,
			);
			buildRules = (
			);
			dependencies = (
			);
			name = SnowSeeker;
			productName = SnowSeeker;
			productReference = 837BD1762447906E00B790BB /* SnowSeeker.app */;
			productType = "com.apple.product-type.application";
		};
/* End PBXNativeTarget section */

/* Begin PBXProject section */
		837BD16E2447906E00B790BB /* Project object */ = {
			isa = PBXProject;
			attributes = {
				LastSwiftUpdateCheck = 1140;
				LastUpgradeCheck = 1140;
				ORGANIZATIONNAME = dominator;
				TargetAttributes = {
					837BD1752447906E00B790BB = {
						CreatedOnToolsVersion = 11.4;
					};
				};
			};
			buildConfigurationList = 837BD1712447906E00B790BB /* Build configuration list for PBXProject "SnowSeeker" */;
			compatibilityVersion = "Xcode 9.3";
			developmentRegion = en;
			hasScannedForEncodings = 0;
			knownRegions = (
				en,
				Base,
			);
			mainGroup = 837BD16D2447906E00B790BB;
			productRefGroup = 837BD1772447906E00B790BB /* Products */;
			projectDirPath = "";
			projectRoot = "";
			targets = (
				837BD1752447906E00B790BB /* SnowSeeker */,
			);
		};
/* End PBXProject section */

/* Begin PBXResourcesBuildPhase section */
		837BD1742447906E00B790BB /* Resources */ = {
			isa = PBXResourcesBuildPhase;
			buildActionMask = 2147483647;
			files = (
				837BD1862447907000B790BB /* LaunchScreen.storyboard in Resources */,
				837BD1832447907000B790BB /* Preview Assets.xcassets in Resources */,
				83B3EDE92449E5DB00BBFF22 /* resorts.json in Resources */,
				837BD1802447906F00B790BB /* Assets.xcassets in Resources */,
			);
			runOnlyForDeploymentPostprocessing = 0;
		};
/* End PBXResourcesBuildPhase section */

/* Begin PBXSourcesBuildPhase section */
		837BD1722447906E00B790BB /* Sources */ = {
			isa = PBXSourcesBuildPhase;
			buildActionMask = 2147483647;
			files = (
				8361717C244B4278004E72A9 /* SortView.swift in Sources */,
				83B3EDFA244A088800BBFF22 /* Facility.swift in Sources */,
				837BD17A2447906E00B790BB /* AppDelegate.swift in Sources */,
				83B3EDF02449F0FF00BBFF22 /* WelcomeView.swift in Sources */,
				837BD17C2447906E00B790BB /* SceneDelegate.swift in Sources */,
				83B3EDFE244A306100BBFF22 /* FilterView.swift in Sources */,
				83B3EDF42449F76E00BBFF22 /* ResortView.swift in Sources */,
				83B3EDFC244A0DFC00BBFF22 /* Favorites.swift in Sources */,
				839B8F8A244B276900595E69 /* FilterTagView.swift in Sources */,
				83B3EDEB2449E76E00BBFF22 /* Resort.swift in Sources */,
				83B3EDEE2449E81400BBFF22 /* Decodable.swift in Sources */,
				837BD17E2447906E00B790BB /* ContentView.swift in Sources */,
				83B3EDF82449FBC000BBFF22 /* ResortDetailView.swift in Sources */,
				83B3EDF62449FA9B00BBFF22 /* SkiDetailsView.swift in Sources */,
			);
			runOnlyForDeploymentPostprocessing = 0;
		};
/* End PBXSourcesBuildPhase section */

/* Begin PBXVariantGroup section */
		837BD1842447907000B790BB /* LaunchScreen.storyboard */ = {
			isa = PBXVariantGroup;
			children = (
				837BD1852447907000B790BB /* Base */,
			);
			name = LaunchScreen.storyboard;
			sourceTree = "<group>";
		};
/* End PBXVariantGroup section */

/* Begin XCBuildConfiguration section */
		837BD1882447907000B790BB /* Debug */ = {
			isa = XCBuildConfiguration;
			buildSettings = {
				ALWAYS_SEARCH_USER_PATHS = NO;
				CLANG_ANALYZER_NONNULL = YES;
				CLANG_ANALYZER_NUMBER_OBJECT_CONVERSION = YES_AGGRESSIVE;
				CLANG_CXX_LANGUAGE_STANDARD = "gnu++14";
				CLANG_CXX_LIBRARY = "libc++";
				CLANG_ENABLE_MODULES = YES;
				CLANG_ENABLE_OBJC_ARC = YES;
				CLANG_ENABLE_OBJC_WEAK = YES;
				CLANG_WARN_BLOCK_CAPTURE_AUTORELEASING = YES;
				CLANG_WARN_BOOL_CONVERSION = YES;
				CLANG_WARN_COMMA = YES;
				CLANG_WARN_CONSTANT_CONVERSION = YES;
				CLANG_WARN_DEPRECATED_OBJC_IMPLEMENTATIONS = YES;
				CLANG_WARN_DIRECT_OBJC_ISA_USAGE = YES_ERROR;
				CLANG_WARN_DOCUMENTATION_COMMENTS = YES;
				CLANG_WARN_EMPTY_BODY = YES;
				CLANG_WARN_ENUM_CONVERSION = YES;
				CLANG_WARN_INFINITE_RECURSION = YES;
				CLANG_WARN_INT_CONVERSION = YES;
				CLANG_WARN_NON_LITERAL_NULL_CONVERSION = YES;
				CLANG_WARN_OBJC_IMPLICIT_RETAIN_SELF = YES;
				CLANG_WARN_OBJC_LITERAL_CONVERSION = YES;
				CLANG_WARN_OBJC_ROOT_CLASS = YES_ERROR;
				CLANG_WARN_RANGE_LOOP_ANALYSIS = YES;
				CLANG_WARN_STRICT_PROTOTYPES = YES;
				CLANG_WARN_SUSPICIOUS_MOVE = YES;
				CLANG_WARN_UNGUARDED_AVAILABILITY = YES_AGGRESSIVE;
				CLANG_WARN_UNREACHABLE_CODE = YES;
				CLANG_WARN__DUPLICATE_METHOD_MATCH = YES;
				COPY_PHASE_STRIP = NO;
				DEBUG_INFORMATION_FORMAT = dwarf;
				ENABLE_STRICT_OBJC_MSGSEND = YES;
				ENABLE_TESTABILITY = YES;
				GCC_C_LANGUAGE_STANDARD = gnu11;
				GCC_DYNAMIC_NO_PIC = NO;
				GCC_NO_COMMON_BLOCKS = YES;
				GCC_OPTIMIZATION_LEVEL = 0;
				GCC_PREPROCESSOR_DEFINITIONS = (
					"DEBUG=1",
					"$(inherited)",
				);
				GCC_WARN_64_TO_32_BIT_CONVERSION = YES;
				GCC_WARN_ABOUT_RETURN_TYPE = YES_ERROR;
				GCC_WARN_UNDECLARED_SELECTOR = YES;
				GCC_WARN_UNINITIALIZED_AUTOS = YES_AGGRESSIVE;
				GCC_WARN_UNUSED_FUNCTION = YES;
				GCC_WARN_UNUSED_VARIABLE = YES;
				IPHONEOS_DEPLOYMENT_TARGET = 13.4;
				MTL_ENABLE_DEBUG_INFO = INCLUDE_SOURCE;
				MTL_FAST_MATH = YES;
				ONLY_ACTIVE_ARCH = YES;
				SDKROOT = iphoneos;
				SWIFT_ACTIVE_COMPILATION_CONDITIONS = DEBUG;
				SWIFT_OPTIMIZATION_LEVEL = "-Onone";
			};
			name = Debug;
		};
		837BD1892447907000B790BB /* Release */ = {
			isa = XCBuildConfiguration;
			buildSettings = {
				ALWAYS_SEARCH_USER_PATHS = NO;
				CLANG_ANALYZER_NONNULL = YES;
				CLANG_ANALYZER_NUMBER_OBJECT_CONVERSION = YES_AGGRESSIVE;
				CLANG_CXX_LANGUAGE_STANDARD = "gnu++14";
				CLANG_CXX_LIBRARY = "libc++";
				CLANG_ENABLE_MODULES = YES;
				CLANG_ENABLE_OBJC_ARC = YES;
				CLANG_ENABLE_OBJC_WEAK = YES;
				CLANG_WARN_BLOCK_CAPTURE_AUTORELEASING = YES;
				CLANG_WARN_BOOL_CONVERSION = YES;
				CLANG_WARN_COMMA = YES;
				CLANG_WARN_CONSTANT_CONVERSION = YES;
				CLANG_WARN_DEPRECATED_OBJC_IMPLEMENTATIONS = YES;
				CLANG_WARN_DIRECT_OBJC_ISA_USAGE = YES_ERROR;
				CLANG_WARN_DOCUMENTATION_COMMENTS = YES;
				CLANG_WARN_EMPTY_BODY = YES;
				CLANG_WARN_ENUM_CONVERSION = YES;
				CLANG_WARN_INFINITE_RECURSION = YES;
				CLANG_WARN_INT_CONVERSION = YES;
				CLANG_WARN_NON_LITERAL_NULL_CONVERSION = YES;
				CLANG_WARN_OBJC_IMPLICIT_RETAIN_SELF = YES;
				CLANG_WARN_OBJC_LITERAL_CONVERSION = YES;
				CLANG_WARN_OBJC_ROOT_CLASS = YES_ERROR;
				CLANG_WARN_RANGE_LOOP_ANALYSIS = YES;
				CLANG_WARN_STRICT_PROTOTYPES = YES;
				CLANG_WARN_SUSPICIOUS_MOVE = YES;
				CLANG_WARN_UNGUARDED_AVAILABILITY = YES_AGGRESSIVE;
				CLANG_WARN_UNREACHABLE_CODE = YES;
				CLANG_WARN__DUPLICATE_METHOD_MATCH = YES;
				COPY_PHASE_STRIP = NO;
				DEBUG_INFORMATION_FORMAT = "dwarf-with-dsym";
				ENABLE_NS_ASSERTIONS = NO;
				ENABLE_STRICT_OBJC_MSGSEND = YES;
				GCC_C_LANGUAGE_STANDARD = gnu11;
				GCC_NO_COMMON_BLOCKS = YES;
				GCC_WARN_64_TO_32_BIT_CONVERSION = YES;
				GCC_WARN_ABOUT_RETURN_TYPE = YES_ERROR;
				GCC_WARN_UNDECLARED_SELECTOR = YES;
				GCC_WARN_UNINITIALIZED_AUTOS = YES_AGGRESSIVE;
				GCC_WARN_UNUSED_FUNCTION = YES;
				GCC_WARN_UNUSED_VARIABLE = YES;
				IPHONEOS_DEPLOYMENT_TARGET = 13.4;
				MTL_ENABLE_DEBUG_INFO = NO;
				MTL_FAST_MATH = YES;
				SDKROOT = iphoneos;
				SWIFT_COMPILATION_MODE = wholemodule;
				SWIFT_OPTIMIZATION_LEVEL = "-O";
				VALIDATE_PRODUCT = YES;
			};
			name = Release;
		};
		837BD18B2447907000B790BB /* Debug */ = {
			isa = XCBuildConfiguration;
			buildSettings = {
				ASSETCATALOG_COMPILER_APPICON_NAME = AppIcon;
				CODE_SIGN_STYLE = Automatic;
				DEVELOPMENT_ASSET_PATHS = "\"SnowSeeker/Preview Content\"";
				DEVELOPMENT_TEAM = NWJALMT777;
				ENABLE_PREVIEWS = YES;
				INFOPLIST_FILE = SnowSeeker/Info.plist;
				LD_RUNPATH_SEARCH_PATHS = (
					"$(inherited)",
					"@executable_path/Frameworks",
				);
				PRODUCT_BUNDLE_IDENTIFIER = co.amitsamant.SnowSeeker;
				PRODUCT_NAME = "$(TARGET_NAME)";
				SWIFT_VERSION = 5.0;
				TARGETED_DEVICE_FAMILY = "1,2";
			};
			name = Debug;
		};
		837BD18C2447907000B790BB /* Release */ = {
			isa = XCBuildConfiguration;
			buildSettings = {
				ASSETCATALOG_COMPILER_APPICON_NAME = AppIcon;
				CODE_SIGN_STYLE = Automatic;
				DEVELOPMENT_ASSET_PATHS = "\"SnowSeeker/Preview Content\"";
				DEVELOPMENT_TEAM = NWJALMT777;
				ENABLE_PREVIEWS = YES;
				INFOPLIST_FILE = SnowSeeker/Info.plist;
				LD_RUNPATH_SEARCH_PATHS = (
					"$(inherited)",
					"@executable_path/Frameworks",
				);
				PRODUCT_BUNDLE_IDENTIFIER = co.amitsamant.SnowSeeker;
				PRODUCT_NAME = "$(TARGET_NAME)";
				SWIFT_VERSION = 5.0;
				TARGETED_DEVICE_FAMILY = "1,2";
			};
			name = Release;
		};
/* End XCBuildConfiguration section */

/* Begin XCConfigurationList section */
		837BD1712447906E00B790BB /* Build configuration list for PBXProject "SnowSeeker" */ = {
			isa = XCConfigurationList;
			buildConfigurations = (
				837BD1882447907000B790BB /* Debug */,
				837BD1892447907000B790BB /* Release */,
			);
			defaultConfigurationIsVisible = 0;
			defaultConfigurationName = Release;
		};
		837BD18A2447907000B790BB /* Build configuration list for PBXNativeTarget "SnowSeeker" */ = {
			isa = XCConfigurationList;
			buildConfigurations = (
				837BD18B2447907000B790BB /* Debug */,
				837BD18C2447907000B790BB /* Release */,
			);
			defaultConfigurationIsVisible = 0;
			defaultConfigurationName = Release;
		};
/* End XCConfigurationList section */
	};
	rootObject = 837BD16E2447906E00B790BB /* Project object */;
}
